
Microsoft Visual Studio Solution File, Format Version 12.00
# Visual Studio 15
VisualStudioVersion = 15.0.27130.2036
MinimumVisualStudioVersion = 10.0.40219.1
Project("{FAE04EC0-301F-11D3-BF4B-00C04F79EFBC}") = "ZlotoLotto", "ZlotoLotto\ZlotoLotto\ZlotoLotto.csproj", "{96BBB685-5AC0-4519-BF92-0DE1A558CAA4}"
EndProject
Project("{FAE04EC0-301F-11D3-BF4B-00C04F79EFBC}") = "ZlotoLotto.Android", "ZlotoLotto\ZlotoLotto.Android\ZlotoLotto.Android.csproj", "{2CC57BAC-AD96-4F02-B68D-7D9C5271D79A}"
EndProject
Project("{FAE04EC0-301F-11D3-BF4B-00C04F79EFBC}") = "ZlotoLotto.iOS", "ZlotoLotto\ZlotoLotto.iOS\ZlotoLotto.iOS.csproj", "{A6C5AD9C-5CAC-43F5-9226-F04A1259455F}"
EndProject
Project("{FAE04EC0-301F-11D3-BF4B-00C04F79EFBC}") = "ZlotoLotto.UWP", "ZlotoLotto\ZlotoLotto.UWP\ZlotoLotto.UWP.csproj", "{B47E7A15-3804-4130-B30E-0899FD661128}"
EndProject
Global
	GlobalSection(SolutionConfigurationPlatforms) = preSolution
		Ad-Hoc|Any CPU = Ad-Hoc|Any CPU
		Ad-Hoc|ARM = Ad-Hoc|ARM
		Ad-Hoc|iPhone = Ad-Hoc|iPhone
		Ad-Hoc|iPhoneSimulator = Ad-Hoc|iPhoneSimulator
		Ad-Hoc|x64 = Ad-Hoc|x64
		Ad-Hoc|x86 = Ad-Hoc|x86
		AppStore|Any CPU = AppStore|Any CPU
		AppStore|ARM = AppStore|ARM
		AppStore|iPhone = AppStore|iPhone
		AppStore|iPhoneSimulator = AppStore|iPhoneSimulator
		AppStore|x64 = AppStore|x64
		AppStore|x86 = AppStore|x86
		Debug|Any CPU = Debug|Any CPU
		Debug|ARM = Debug|ARM
		Debug|iPhone = Debug|iPhone
		Debug|iPhoneSimulator = Debug|iPhoneSimulator
		Debug|x64 = Debug|x64
		Debug|x86 = Debug|x86
		Release|Any CPU = Release|Any CPU
		Release|ARM = Release|ARM
		Release|iPhone = Release|iPhone
		Release|iPhoneSimulator = Release|iPhoneSimulator
		Release|x64 = Release|x64
		Release|x86 = Release|x86
	EndGlobalSection
	GlobalSection(ProjectConfigurationPlatforms) = postSolution
		{96BBB685-5AC0-4519-BF92-0DE1A558CAA4}.Ad-Hoc|Any CPU.ActiveCfg = Debug|Any CPU
		{96BBB685-5AC0-4519-BF92-0DE1A558CAA4}.Ad-Hoc|Any CPU.Build.0 = Debug|Any CPU
		{96BBB685-5AC0-4519-BF92-0DE1A558CAA4}.Ad-Hoc|ARM.ActiveCfg = Debug|Any CPU
		{96BBB685-5AC0-4519-BF92-0DE1A558CAA4}.Ad-Hoc|ARM.Build.0 = Debug|Any CPU
		{96BBB685-5AC0-4519-BF92-0DE1A558CAA4}.Ad-Hoc|iPhone.ActiveCfg = Debug|Any CPU
		{96BBB685-5AC0-4519-BF92-0DE1A558CAA4}.Ad-Hoc|iPhone.Build.0 = Debug|Any CPU
		{96BBB685-5AC0-4519-BF92-0DE1A558CAA4}.Ad-Hoc|iPhoneSimulator.ActiveCfg = Debug|Any CPU
		{96BBB685-5AC0-4519-BF92-0DE1A558CAA4}.Ad-Hoc|iPhoneSimulator.Build.0 = Debug|Any CPU
		{96BBB685-5AC0-4519-BF92-0DE1A558CAA4}.Ad-Hoc|x64.ActiveCfg = Debug|Any CPU
		{96BBB685-5AC0-4519-BF92-0DE1A558CAA4}.Ad-Hoc|x64.Build.0 = Debug|Any CPU
		{96BBB685-5AC0-4519-BF92-0DE1A558CAA4}.Ad-Hoc|x86.ActiveCfg = Debug|Any CPU
		{96BBB685-5AC0-4519-BF92-0DE1A558CAA4}.Ad-Hoc|x86.Build.0 = Debug|Any CPU
		{96BBB685-5AC0-4519-BF92-0DE1A558CAA4}.AppStore|Any CPU.ActiveCfg = Debug|Any CPU
		{96BBB685-5AC0-4519-BF92-0DE1A558CAA4}.AppStore|Any CPU.Build.0 = Debug|Any CPU
		{96BBB685-5AC0-4519-BF92-0DE1A558CAA4}.AppStore|ARM.ActiveCfg = Debug|Any CPU
		{96BBB685-5AC0-4519-BF92-0DE1A558CAA4}.AppStore|ARM.Build.0 = Debug|Any CPU
		{96BBB685-5AC0-4519-BF92-0DE1A558CAA4}.AppStore|iPhone.ActiveCfg = Debug|Any CPU
		{96BBB685-5AC0-4519-BF92-0DE1A558CAA4}.AppStore|iPhone.Build.0 = Debug|Any CPU
		{96BBB685-5AC0-4519-BF92-0DE1A558CAA4}.AppStore|iPhoneSimulator.ActiveCfg = Debug|Any CPU
		{96BBB685-5AC0-4519-BF92-0DE1A558CAA4}.AppStore|iPhoneSimulator.Build.0 = Debug|Any CPU
		{96BBB685-5AC0-4519-BF92-0DE1A558CAA4}.AppStore|x64.ActiveCfg = Debug|Any CPU
		{96BBB685-5AC0-4519-BF92-0DE1A558CAA4}.AppStore|x64.Build.0 = Debug|Any CPU
		{96BBB685-5AC0-4519-BF92-0DE1A558CAA4}.AppStore|x86.ActiveCfg = Debug|Any CPU
		{96BBB685-5AC0-4519-BF92-0DE1A558CAA4}.AppStore|x86.Build.0 = Debug|Any CPU
		{96BBB685-5AC0-4519-BF92-0DE1A558CAA4}.Debug|Any CPU.ActiveCfg = Debug|Any CPU
		{96BBB685-5AC0-4519-BF92-0DE1A558CAA4}.Debug|Any CPU.Build.0 = Debug|Any CPU
		{96BBB685-5AC0-4519-BF92-0DE1A558CAA4}.Debug|ARM.ActiveCfg = Debug|Any CPU
		{96BBB685-5AC0-4519-BF92-0DE1A558CAA4}.Debug|ARM.Build.0 = Debug|Any CPU
		{96BBB685-5AC0-4519-BF92-0DE1A558CAA4}.Debug|iPhone.ActiveCfg = Debug|Any CPU
		{96BBB685-5AC0-4519-BF92-0DE1A558CAA4}.Debug|iPhone.Build.0 = Debug|Any CPU
		{96BBB685-5AC0-4519-BF92-0DE1A558CAA4}.Debug|iPhoneSimulator.ActiveCfg = Debug|Any CPU
		{96BBB685-5AC0-4519-BF92-0DE1A558CAA4}.Debug|iPhoneSimulator.Build.0 = Debug|Any CPU
		{96BBB685-5AC0-4519-BF92-0DE1A558CAA4}.Debug|x64.ActiveCfg = Debug|Any CPU
		{96BBB685-5AC0-4519-BF92-0DE1A558CAA4}.Debug|x64.Build.0 = Debug|Any CPU
		{96BBB685-5AC0-4519-BF92-0DE1A558CAA4}.Debug|x86.ActiveCfg = Debug|Any CPU
		{96BBB685-5AC0-4519-BF92-0DE1A558CAA4}.Debug|x86.Build.0 = Debug|Any CPU
		{96BBB685-5AC0-4519-BF92-0DE1A558CAA4}.Release|Any CPU.ActiveCfg = Release|Any CPU
		{96BBB685-5AC0-4519-BF92-0DE1A558CAA4}.Release|Any CPU.Build.0 = Release|Any CPU
		{96BBB685-5AC0-4519-BF92-0DE1A558CAA4}.Release|ARM.ActiveCfg = Release|Any CPU
		{96BBB685-5AC0-4519-BF92-0DE1A558CAA4}.Release|ARM.Build.0 = Release|Any CPU
		{96BBB685-5AC0-4519-BF92-0DE1A558CAA4}.Release|iPhone.ActiveCfg = Release|Any CPU
		{96BBB685-5AC0-4519-BF92-0DE1A558CAA4}.Release|iPhone.Build.0 = Release|Any CPU
		{96BBB685-5AC0-4519-BF92-0DE1A558CAA4}.Release|iPhoneSimulator.ActiveCfg = Release|Any CPU
		{96BBB685-5AC0-4519-BF92-0DE1A558CAA4}.Release|iPhoneSimulator.Build.0 = Release|Any CPU
		{96BBB685-5AC0-4519-BF92-0DE1A558CAA4}.Release|x64.ActiveCfg = Release|Any CPU
		{96BBB685-5AC0-4519-BF92-0DE1A558CAA4}.Release|x64.Build.0 = Release|Any CPU
		{96BBB685-5AC0-4519-BF92-0DE1A558CAA4}.Release|x86.ActiveCfg = Release|Any CPU
		{96BBB685-5AC0-4519-BF92-0DE1A558CAA4}.Release|x86.Build.0 = Release|Any CPU
		{2CC57BAC-AD96-4F02-B68D-7D9C5271D79A}.Ad-Hoc|Any CPU.ActiveCfg = Release|Any CPU
		{2CC57BAC-AD96-4F02-B68D-7D9C5271D79A}.Ad-Hoc|Any CPU.Build.0 = Release|Any CPU
		{2CC57BAC-AD96-4F02-B68D-7D9C5271D79A}.Ad-Hoc|Any CPU.Deploy.0 = Release|Any CPU
		{2CC57BAC-AD96-4F02-B68D-7D9C5271D79A}.Ad-Hoc|ARM.ActiveCfg = Release|Any CPU
		{2CC57BAC-AD96-4F02-B68D-7D9C5271D79A}.Ad-Hoc|ARM.Build.0 = Release|Any CPU
		{2CC57BAC-AD96-4F02-B68D-7D9C5271D79A}.Ad-Hoc|ARM.Deploy.0 = Release|Any CPU
		{2CC57BAC-AD96-4F02-B68D-7D9C5271D79A}.Ad-Hoc|iPhone.ActiveCfg = Release|Any CPU
		{2CC57BAC-AD96-4F02-B68D-7D9C5271D79A}.Ad-Hoc|iPhone.Build.0 = Release|Any CPU
		{2CC57BAC-AD96-4F02-B68D-7D9C5271D79A}.Ad-Hoc|iPhone.Deploy.0 = Release|Any CPU
		{2CC57BAC-AD96-4F02-B68D-7D9C5271D79A}.Ad-Hoc|iPhoneSimulator.ActiveCfg = Release|Any CPU
		{2CC57BAC-AD96-4F02-B68D-7D9C5271D79A}.Ad-Hoc|iPhoneSimulator.Build.0 = Release|Any CPU
		{2CC57BAC-AD96-4F02-B68D-7D9C5271D79A}.Ad-Hoc|iPhoneSimulator.Deploy.0 = Release|Any CPU
		{2CC57BAC-AD96-4F02-B68D-7D9C5271D79A}.Ad-Hoc|x64.ActiveCfg = Release|Any CPU
		{2CC57BAC-AD96-4F02-B68D-7D9C5271D79A}.Ad-Hoc|x64.Build.0 = Release|Any CPU
		{2CC57BAC-AD96-4F02-B68D-7D9C5271D79A}.Ad-Hoc|x64.Deploy.0 = Release|Any CPU
		{2CC57BAC-AD96-4F02-B68D-7D9C5271D79A}.Ad-Hoc|x86.ActiveCfg = Release|Any CPU
		{2CC57BAC-AD96-4F02-B68D-7D9C5271D79A}.Ad-Hoc|x86.Build.0 = Release|Any CPU
		{2CC57BAC-AD96-4F02-B68D-7D9C5271D79A}.Ad-Hoc|x86.Deploy.0 = Release|Any CPU
		{2CC57BAC-AD96-4F02-B68D-7D9C5271D79A}.AppStore|Any CPU.ActiveCfg = Release|Any CPU
		{2CC57BAC-AD96-4F02-B68D-7D9C5271D79A}.AppStore|Any CPU.Build.0 = Release|Any CPU
		{2CC57BAC-AD96-4F02-B68D-7D9C5271D79A}.AppStore|Any CPU.Deploy.0 = Release|Any CPU
		{2CC57BAC-AD96-4F02-B68D-7D9C5271D79A}.AppStore|ARM.ActiveCfg = Release|Any CPU
		{2CC57BAC-AD96-4F02-B68D-7D9C5271D79A}.AppStore|ARM.Build.0 = Release|Any CPU
		{2CC57BAC-AD96-4F02-B68D-7D9C5271D79A}.AppStore|ARM.Deploy.0 = Release|Any CPU
		{2CC57BAC-AD96-4F02-B68D-7D9C5271D79A}.AppStore|iPhone.ActiveCfg = Release|Any CPU
		{2CC57BAC-AD96-4F02-B68D-7D9C5271D79A}.AppStore|iPhone.Build.0 = Release|Any CPU
		{2CC57BAC-AD96-4F02-B68D-7D9C5271D79A}.AppStore|iPhone.Deploy.0 = Release|Any CPU
		{2CC57BAC-AD96-4F02-B68D-7D9C5271D79A}.AppStore|iPhoneSimulator.ActiveCfg = Release|Any CPU
		{2CC57BAC-AD96-4F02-B68D-7D9C5271D79A}.AppStore|iPhoneSimulator.Build.0 = Release|Any CPU
		{2CC57BAC-AD96-4F02-B68D-7D9C5271D79A}.AppStore|iPhoneSimulator.Deploy.0 = Release|Any CPU
		{2CC57BAC-AD96-4F02-B68D-7D9C5271D79A}.AppStore|x64.ActiveCfg = Release|Any CPU
		{2CC57BAC-AD96-4F02-B68D-7D9C5271D79A}.AppStore|x64.Build.0 = Release|Any CPU
		{2CC57BAC-AD96-4F02-B68D-7D9C5271D79A}.AppStore|x64.Deploy.0 = Release|Any CPU
		{2CC57BAC-AD96-4F02-B68D-7D9C5271D79A}.AppStore|x86.ActiveCfg = Release|Any CPU
		{2CC57BAC-AD96-4F02-B68D-7D9C5271D79A}.AppStore|x86.Build.0 = Release|Any CPU
		{2CC57BAC-AD96-4F02-B68D-7D9C5271D79A}.AppStore|x86.Deploy.0 = Release|Any CPU
		{2CC57BAC-AD96-4F02-B68D-7D9C5271D79A}.Debug|Any CPU.ActiveCfg = Debug|Any CPU
		{2CC57BAC-AD96-4F02-B68D-7D9C5271D79A}.Debug|Any CPU.Build.0 = Debug|Any CPU
		{2CC57BAC-AD96-4F02-B68D-7D9C5271D79A}.Debug|Any CPU.Deploy.0 = Debug|Any CPU
		{2CC57BAC-AD96-4F02-B68D-7D9C5271D79A}.Debug|ARM.ActiveCfg = Debug|Any CPU
		{2CC57BAC-AD96-4F02-B68D-7D9C5271D79A}.Debug|ARM.Build.0 = Debug|Any CPU
		{2CC57BAC-AD96-4F02-B68D-7D9C5271D79A}.Debug|ARM.Deploy.0 = Debug|Any CPU
		{2CC57BAC-AD96-4F02-B68D-7D9C5271D79A}.Debug|iPhone.ActiveCfg = Debug|Any CPU
		{2CC57BAC-AD96-4F02-B68D-7D9C5271D79A}.Debug|iPhone.Build.0 = Debug|Any CPU
		{2CC57BAC-AD96-4F02-B68D-7D9C5271D79A}.Debug|iPhone.Deploy.0 = Debug|Any CPU
		{2CC57BAC-AD96-4F02-B68D-7D9C5271D79A}.Debug|iPhoneSimulator.ActiveCfg = Debug|Any CPU
		{2CC57BAC-AD96-4F02-B68D-7D9C5271D79A}.Debug|iPhoneSimulator.Build.0 = Debug|Any CPU
		{2CC57BAC-AD96-4F02-B68D-7D9C5271D79A}.Debug|iPhoneSimulator.Deploy.0 = Debug|Any CPU
		{2CC57BAC-AD96-4F02-B68D-7D9C5271D79A}.Debug|x64.ActiveCfg = Debug|Any CPU
		{2CC57BAC-AD96-4F02-B68D-7D9C5271D79A}.Debug|x64.Build.0 = Debug|Any CPU
		{2CC57BAC-AD96-4F02-B68D-7D9C5271D79A}.Debug|x64.Deploy.0 = Debug|Any CPU
		{2CC57BAC-AD96-4F02-B68D-7D9C5271D79A}.Debug|x86.ActiveCfg = Debug|Any CPU
		{2CC57BAC-AD96-4F02-B68D-7D9C5271D79A}.Debug|x86.Build.0 = Debug|Any CPU
		{2CC57BAC-AD96-4F02-B68D-7D9C5271D79A}.Debug|x86.Deploy.0 = Debug|Any CPU
		{2CC57BAC-AD96-4F02-B68D-7D9C5271D79A}.Release|Any CPU.ActiveCfg = Release|Any CPU
		{2CC57BAC-AD96-4F02-B68D-7D9C5271D79A}.Release|Any CPU.Build.0 = Release|Any CPU
		{2CC57BAC-AD96-4F02-B68D-7D9C5271D79A}.Release|Any CPU.Deploy.0 = Release|Any CPU
		{2CC57BAC-AD96-4F02-B68D-7D9C5271D79A}.Release|ARM.ActiveCfg = Release|Any CPU
		{2CC57BAC-AD96-4F02-B68D-7D9C5271D79A}.Release|ARM.Build.0 = Release|Any CPU
		{2CC57BAC-AD96-4F02-B68D-7D9C5271D79A}.Release|ARM.Deploy.0 = Release|Any CPU
		{2CC57BAC-AD96-4F02-B68D-7D9C5271D79A}.Release|iPhone.ActiveCfg = Release|Any CPU
		{2CC57BAC-AD96-4F02-B68D-7D9C5271D79A}.Release|iPhone.Build.0 = Release|Any CPU
		{2CC57BAC-AD96-4F02-B68D-7D9C5271D79A}.Release|iPhone.Deploy.0 = Release|Any CPU
		{2CC57BAC-AD96-4F02-B68D-7D9C5271D79A}.Release|iPhoneSimulator.ActiveCfg = Release|Any CPU
		{2CC57BAC-AD96-4F02-B68D-7D9C5271D79A}.Release|iPhoneSimulator.Build.0 = Release|Any CPU
		{2CC57BAC-AD96-4F02-B68D-7D9C5271D79A}.Release|iPhoneSimulator.Deploy.0 = Release|Any CPU
		{2CC57BAC-AD96-4F02-B68D-7D9C5271D79A}.Release|x64.ActiveCfg = Release|Any CPU
		{2CC57BAC-AD96-4F02-B68D-7D9C5271D79A}.Release|x64.Build.0 = Release|Any CPU
		{2CC57BAC-AD96-4F02-B68D-7D9C5271D79A}.Release|x64.Deploy.0 = Release|Any CPU
		{2CC57BAC-AD96-4F02-B68D-7D9C5271D79A}.Release|x86.ActiveCfg = Release|Any CPU
		{2CC57BAC-AD96-4F02-B68D-7D9C5271D79A}.Release|x86.Build.0 = Release|Any CPU
		{2CC57BAC-AD96-4F02-B68D-7D9C5271D79A}.Release|x86.Deploy.0 = Release|Any CPU
		{A6C5AD9C-5CAC-43F5-9226-F04A1259455F}.Ad-Hoc|Any CPU.ActiveCfg = Ad-Hoc|iPhone
		{A6C5AD9C-5CAC-43F5-9226-F04A1259455F}.Ad-Hoc|ARM.ActiveCfg = Ad-Hoc|iPhone
		{A6C5AD9C-5CAC-43F5-9226-F04A1259455F}.Ad-Hoc|iPhone.ActiveCfg = Ad-Hoc|iPhone
		{A6C5AD9C-5CAC-43F5-9226-F04A1259455F}.Ad-Hoc|iPhone.Build.0 = Ad-Hoc|iPhone
		{A6C5AD9C-5CAC-43F5-9226-F04A1259455F}.Ad-Hoc|iPhoneSimulator.ActiveCfg = Ad-Hoc|iPhoneSimulator
		{A6C5AD9C-5CAC-43F5-9226-F04A1259455F}.Ad-Hoc|iPhoneSimulator.Build.0 = Ad-Hoc|iPhoneSimulator
		{A6C5AD9C-5CAC-43F5-9226-F04A1259455F}.Ad-Hoc|x64.ActiveCfg = Ad-Hoc|iPhone
		{A6C5AD9C-5CAC-43F5-9226-F04A1259455F}.Ad-Hoc|x86.ActiveCfg = Ad-Hoc|iPhone
		{A6C5AD9C-5CAC-43F5-9226-F04A1259455F}.AppStore|Any CPU.ActiveCfg = AppStore|iPhone
		{A6C5AD9C-5CAC-43F5-9226-F04A1259455F}.AppStore|ARM.ActiveCfg = AppStore|iPhone
		{A6C5AD9C-5CAC-43F5-9226-F04A1259455F}.AppStore|iPhone.ActiveCfg = AppStore|iPhone
		{A6C5AD9C-5CAC-43F5-9226-F04A1259455F}.AppStore|iPhone.Build.0 = AppStore|iPhone
		{A6C5AD9C-5CAC-43F5-9226-F04A1259455F}.AppStore|iPhoneSimulator.ActiveCfg = AppStore|iPhoneSimulator
		{A6C5AD9C-5CAC-43F5-9226-F04A1259455F}.AppStore|iPhoneSimulator.Build.0 = AppStore|iPhoneSimulator
		{A6C5AD9C-5CAC-43F5-9226-F04A1259455F}.AppStore|x64.ActiveCfg = AppStore|iPhone
		{A6C5AD9C-5CAC-43F5-9226-F04A1259455F}.AppStore|x86.ActiveCfg = AppStore|iPhone
		{A6C5AD9C-5CAC-43F5-9226-F04A1259455F}.Debug|Any CPU.ActiveCfg = Debug|iPhone
		{A6C5AD9C-5CAC-43F5-9226-F04A1259455F}.Debug|ARM.ActiveCfg = Debug|iPhone
		{A6C5AD9C-5CAC-43F5-9226-F04A1259455F}.Debug|iPhone.ActiveCfg = Debug|iPhone
		{A6C5AD9C-5CAC-43F5-9226-F04A1259455F}.Debug|iPhone.Build.0 = Debug|iPhone
		{A6C5AD9C-5CAC-43F5-9226-F04A1259455F}.Debug|iPhoneSimulator.ActiveCfg = Debug|iPhoneSimulator
		{A6C5AD9C-5CAC-43F5-9226-F04A1259455F}.Debug|iPhoneSimulator.Build.0 = Debug|iPhoneSimulator
		{A6C5AD9C-5CAC-43F5-9226-F04A1259455F}.Debug|x64.ActiveCfg = Debug|iPhone
		{A6C5AD9C-5CAC-43F5-9226-F04A1259455F}.Debug|x86.ActiveCfg = Debug|iPhone
		{A6C5AD9C-5CAC-43F5-9226-F04A1259455F}.Release|Any CPU.ActiveCfg = Release|iPhone
		{A6C5AD9C-5CAC-43F5-9226-F04A1259455F}.Release|ARM.ActiveCfg = Release|iPhone
		{A6C5AD9C-5CAC-43F5-9226-F04A1259455F}.Release|iPhone.ActiveCfg = Release|iPhone
		{A6C5AD9C-5CAC-43F5-9226-F04A1259455F}.Release|iPhone.Build.0 = Release|iPhone
		{A6C5AD9C-5CAC-43F5-9226-F04A1259455F}.Release|iPhoneSimulator.ActiveCfg = Release|iPhoneSimulator
		{A6C5AD9C-5CAC-43F5-9226-F04A1259455F}.Release|iPhoneSimulator.Build.0 = Release|iPhoneSimulator
		{A6C5AD9C-5CAC-43F5-9226-F04A1259455F}.Release|x64.ActiveCfg = Release|iPhone
		{A6C5AD9C-5CAC-43F5-9226-F04A1259455F}.Release|x86.ActiveCfg = Release|iPhone
		{B47E7A15-3804-4130-B30E-0899FD661128}.Ad-Hoc|Any CPU.ActiveCfg = Release|x86
		{B47E7A15-3804-4130-B30E-0899FD661128}.Ad-Hoc|Any CPU.Build.0 = Release|x86
		{B47E7A15-3804-4130-B30E-0899FD661128}.Ad-Hoc|Any CPU.Deploy.0 = Release|x86
		{B47E7A15-3804-4130-B30E-0899FD661128}.Ad-Hoc|ARM.ActiveCfg = Release|ARM
		{B47E7A15-3804-4130-B30E-0899FD661128}.Ad-Hoc|ARM.Build.0 = Release|ARM
		{B47E7A15-3804-4130-B30E-0899FD661128}.Ad-Hoc|ARM.Deploy.0 = Release|ARM
		{B47E7A15-3804-4130-B30E-0899FD661128}.Ad-Hoc|iPhone.ActiveCfg = Release|x86
		{B47E7A15-3804-4130-B30E-0899FD661128}.Ad-Hoc|iPhone.Build.0 = Release|x86
		{B47E7A15-3804-4130-B30E-0899FD661128}.Ad-Hoc|iPhone.Deploy.0 = Release|x86
		{B47E7A15-3804-4130-B30E-0899FD661128}.Ad-Hoc|iPhoneSimulator.ActiveCfg = Release|x86
		{B47E7A15-3804-4130-B30E-0899FD661128}.Ad-Hoc|iPhoneSimulator.Build.0 = Release|x86
		{B47E7A15-3804-4130-B30E-0899FD661128}.Ad-Hoc|iPhoneSimulator.Deploy.0 = Release|x86
		{B47E7A15-3804-4130-B30E-0899FD661128}.Ad-Hoc|x64.ActiveCfg = Release|x64
		{B47E7A15-3804-4130-B30E-0899FD661128}.Ad-Hoc|x64.Build.0 = Release|x64
		{B47E7A15-3804-4130-B30E-0899FD661128}.Ad-Hoc|x64.Deploy.0 = Release|x64
		{B47E7A15-3804-4130-B30E-0899FD661128}.Ad-Hoc|x86.ActiveCfg = Release|x86
		{B47E7A15-3804-4130-B30E-0899FD661128}.Ad-Hoc|x86.Build.0 = Release|x86
		{B47E7A15-3804-4130-B30E-0899FD661128}.Ad-Hoc|x86.Deploy.0 = Release|x86
		{B47E7A15-3804-4130-B30E-0899FD661128}.AppStore|Any CPU.ActiveCfg = Release|x86
		{B47E7A15-3804-4130-B30E-0899FD661128}.AppStore|Any CPU.Build.0 = Release|x86
		{B47E7A15-3804-4130-B30E-0899FD661128}.AppStore|Any CPU.Deploy.0 = Release|x86
		{B47E7A15-3804-4130-B30E-0899FD661128}.AppStore|ARM.ActiveCfg = Release|ARM
		{B47E7A15-3804-4130-B30E-0899FD661128}.AppStore|ARM.Build.0 = Release|ARM
		{B47E7A15-3804-4130-B30E-0899FD661128}.AppStore|ARM.Deploy.0 = Release|ARM
		{B47E7A15-3804-4130-B30E-0899FD661128}.AppStore|iPhone.ActiveCfg = Release|x86
		{B47E7A15-3804-4130-B30E-0899FD661128}.AppStore|iPhone.Build.0 = Release|x86
		{B47E7A15-3804-4130-B30E-0899FD661128}.AppStore|iPhone.Deploy.0 = Release|x86
		{B47E7A15-3804-4130-B30E-0899FD661128}.AppStore|iPhoneSimulator.ActiveCfg = Release|x86
		{B47E7A15-3804-4130-B30E-0899FD661128}.AppStore|iPhoneSimulator.Build.0 = Release|x86
		{B47E7A15-3804-4130-B30E-0899FD661128}.AppStore|iPhoneSimulator.Deploy.0 = Release|x86
		{B47E7A15-3804-4130-B30E-0899FD661128}.AppStore|x64.ActiveCfg = Release|x64
		{B47E7A15-3804-4130-B30E-0899FD661128}.AppStore|x64.Build.0 = Release|x64
		{B47E7A15-3804-4130-B30E-0899FD661128}.AppStore|x64.Deploy.0 = Release|x64
		{B47E7A15-3804-4130-B30E-0899FD661128}.AppStore|x86.ActiveCfg = Release|x86
		{B47E7A15-3804-4130-B30E-0899FD661128}.AppStore|x86.Build.0 = Release|x86
		{B47E7A15-3804-4130-B30E-0899FD661128}.AppStore|x86.Deploy.0 = Release|x86
		{B47E7A15-3804-4130-B30E-0899FD661128}.Debug|Any CPU.ActiveCfg = Debug|x86
		{B47E7A15-3804-4130-B30E-0899FD661128}.Debug|ARM.ActiveCfg = Debug|ARM
		{B47E7A15-3804-4130-B30E-0899FD661128}.Debug|ARM.Build.0 = Debug|ARM
		{B47E7A15-3804-4130-B30E-0899FD661128}.Debug|ARM.Deploy.0 = Debug|ARM
		{B47E7A15-3804-4130-B30E-0899FD661128}.Debug|iPhone.ActiveCfg = Debug|x86
		{B47E7A15-3804-4130-B30E-0899FD661128}.Debug|iPhoneSimulator.ActiveCfg = Debug|x86
		{B47E7A15-3804-4130-B30E-0899FD661128}.Debug|x64.ActiveCfg = Debug|x64
		{B47E7A15-3804-4130-B30E-0899FD661128}.Debug|x64.Build.0 = Debug|x64
		{B47E7A15-3804-4130-B30E-0899FD661128}.Debug|x64.Deploy.0 = Debug|x64
		{B47E7A15-3804-4130-B30E-0899FD661128}.Debug|x86.ActiveCfg = Debug|x86
		{B47E7A15-3804-4130-B30E-0899FD661128}.Debug|x86.Build.0 = Debug|x86
		{B47E7A15-3804-4130-B30E-0899FD661128}.Debug|x86.Deploy.0 = Debug|x86
		{B47E7A15-3804-4130-B30E-0899FD661128}.Release|Any CPU.ActiveCfg = Release|x86
		{B47E7A15-3804-4130-B30E-0899FD661128}.Release|ARM.ActiveCfg = Release|ARM
		{B47E7A15-3804-4130-B30E-0899FD661128}.Release|ARM.Build.0 = Release|ARM
		{B47E7A15-3804-4130-B30E-0899FD661128}.Release|ARM.Deploy.0 = Release|ARM
		{B47E7A15-3804-4130-B30E-0899FD661128}.Release|iPhone.ActiveCfg = Release|x86
		{B47E7A15-3804-4130-B30E-0899FD661128}.Release|iPhoneSimulator.ActiveCfg = Release|x86
		{B47E7A15-3804-4130-B30E-0899FD661128}.Release|x64.ActiveCfg = Release|x64
		{B47E7A15-3804-4130-B30E-0899FD661128}.Release|x64.Build.0 = Release|x64
		{B47E7A15-3804-4130-B30E-0899FD661128}.Release|x64.Deploy.0 = Release|x64
		{B47E7A15-3804-4130-B30E-0899FD661128}.Release|x86.ActiveCfg = Release|x86
		{B47E7A15-3804-4130-B30E-0899FD661128}.Release|x86.Build.0 = Release|x86
		{B47E7A15-3804-4130-B30E-0899FD661128}.Release|x86.Deploy.0 = Release|x86
	EndGlobalSection
	GlobalSection(SolutionProperties) = preSolution
		HideSolutionNode = FALSE
	EndGlobalSection
	GlobalSection(ExtensibilityGlobals) = postSolution
		SolutionGuid = {A571A46C-A057-46A1-A59D-034BC2BF979E}
	EndGlobalSection
EndGlobal
